// !$*UTF8*$!
{
	archiveVersion = 1;
	classes = {
	};
	objectVersion = 50;
	objects = {

/* Begin PBXBuildFile section */
		17000C83233C4F6D00605596 /* AddFriendViewController.swift in Sources */ = {isa = PBXBuildFile; fileRef = 17000C82233C4F6D00605596 /* AddFriendViewController.swift */; };
		17000C85233C4F8800605596 /* FriendDetailViewController.swift in Sources */ = {isa = PBXBuildFile; fileRef = 17000C84233C4F8800605596 /* FriendDetailViewController.swift */; };
		17000C87233C4FC800605596 /* FriendTableViewCell.swift in Sources */ = {isa = PBXBuildFile; fileRef = 17000C86233C4FC800605596 /* FriendTableViewCell.swift */; };
		17000C89233C4FE300605596 /* Friend.swift in Sources */ = {isa = PBXBuildFile; fileRef = 17000C88233C4FE300605596 /* Friend.swift */; };
		17FB781B233464C5002C292E /* AppDelegate.swift in Sources */ = {isa = PBXBuildFile; fileRef = 17FB781A233464C5002C292E /* AppDelegate.swift */; };
		17FB781D233464C5002C292E /* FriendsTableViewController.swift in Sources */ = {isa = PBXBuildFile; fileRef = 17FB781C233464C5002C292E /* FriendsTableViewController.swift */; };
		17FB7820233464C5002C292E /* Main.storyboard in Resources */ = {isa = PBXBuildFile; fileRef = 17FB781E233464C5002C292E /* Main.storyboard */; };
		17FB7822233464CA002C292E /* Assets.xcassets in Resources */ = {isa = PBXBuildFile; fileRef = 17FB7821233464CA002C292E /* Assets.xcassets */; };
		17FB7825233464CA002C292E /* LaunchScreen.storyboard in Resources */ = {isa = PBXBuildFile; fileRef = 17FB7823233464CA002C292E /* LaunchScreen.storyboard */; };
/* End PBXBuildFile section */

/* Begin PBXFileReference section */
		17000C82233C4F6D00605596 /* AddFriendViewController.swift */ = {isa = PBXFileReference; lastKnownFileType = sourcecode.swift; path = AddFriendViewController.swift; sourceTree = "<group>"; };
		17000C84233C4F8800605596 /* FriendDetailViewController.swift */ = {isa = PBXFileReference; lastKnownFileType = sourcecode.swift; path = FriendDetailViewController.swift; sourceTree = "<group>"; };
		17000C86233C4FC800605596 /* FriendTableViewCell.swift */ = {isa = PBXFileReference; lastKnownFileType = sourcecode.swift; path = FriendTableViewCell.swift; sourceTree = "<group>"; };
		17000C88233C4FE300605596 /* Friend.swift */ = {isa = PBXFileReference; lastKnownFileType = sourcecode.swift; path = Friend.swift; sourceTree = "<group>"; };
		17FB7817233464C5002C292E /* HobbyTracker.app */ = {isa = PBXFileReference; explicitFileType = wrapper.application; includeInIndex = 0; path = HobbyTracker.app; sourceTree = BUILT_PRODUCTS_DIR; };
		17FB781A233464C5002C292E /* AppDelegate.swift */ = {isa = PBXFileReference; lastKnownFileType = sourcecode.swift; path = AppDelegate.swift; sourceTree = "<group>"; };
		17FB781C233464C5002C292E /* FriendsTableViewController.swift */ = {isa = PBXFileReference; lastKnownFileType = sourcecode.swift; path = FriendsTableViewController.swift; sourceTree = "<group>"; };
		17FB781F233464C5002C292E /* Base */ = {isa = PBXFileReference; lastKnownFileType = file.storyboard; name = Base; path = Base.lproj/Main.storyboard; sourceTree = "<group>"; };
		17FB7821233464CA002C292E /* Assets.xcassets */ = {isa = PBXFileReference; lastKnownFileType = folder.assetcatalog; path = Assets.xcassets; sourceTree = "<group>"; };
		17FB7824233464CA002C292E /* Base */ = {isa = PBXFileReference; lastKnownFileType = file.storyboard; name = Base; path = Base.lproj/LaunchScreen.storyboard; sourceTree = "<group>"; };
		17FB7826233464CA002C292E /* Info.plist */ = {isa = PBXFileReference; lastKnownFileType = text.plist.xml; path = Info.plist; sourceTree = "<group>"; };
/* End PBXFileReference section */

/* Begin PBXFrameworksBuildPhase section */
		17FB7814233464C5002C292E /* Frameworks */ = {
			isa = PBXFrameworksBuildPhase;
			buildActionMask = 2147483647;
			files = (
			);
			runOnlyForDeploymentPostprocessing = 0;
		};
/* End PBXFrameworksBuildPhase section */

/* Begin PBXGroup section */
		17000C8A233C50FC00605596 /* ViewControllers */ = {
			isa = PBXGroup;
			children = (
				17FB781C233464C5002C292E /* FriendsTableViewController.swift */,
				17000C84233C4F8800605596 /* FriendDetailViewController.swift */,
				17000C82233C4F6D00605596 /* AddFriendViewController.swift */,
			);
			name = ViewControllers;
			sourceTree = "<group>";
		};
		17000C8B233C516700605596 /* Model */ = {
			isa = PBXGroup;
			children = (
				17000C88233C4FE300605596 /* Friend.swift */,
			);
			name = Model;
			sourceTree = "<group>";
		};
		17000C8C233C518200605596 /* Custom Views */ = {
			isa = PBXGroup;
			children = (
				17000C86233C4FC800605596 /* FriendTableViewCell.swift */,
			);
			path = "Custom Views";
			sourceTree = "<group>";
		};
		17FB780E233464C5002C292E = {
			isa = PBXGroup;
			children = (
				17FB7819233464C5002C292E /* HobbyTracker */,
				17FB7818233464C5002C292E /* Products */,
			);
			sourceTree = "<group>";
		};
		17FB7818233464C5002C292E /* Products */ = {
			isa = PBXGroup;
			children = (
				17FB7817233464C5002C292E /* HobbyTracker.app */,
			);
			name = Products;
			sourceTree = "<group>";
		};
		17FB7819233464C5002C292E /* HobbyTracker */ = {
			isa = PBXGroup;
			children = (
				17FB781A233464C5002C292E /* AppDelegate.swift */,
				17000C8B233C516700605596 /* Model */,
				17000C8C233C518200605596 /* Custom Views */,
				17000C8A233C50FC00605596 /* ViewControllers */,
				17FB781E233464C5002C292E /* Main.storyboard */,
				17FB7821233464CA002C292E /* Assets.xcassets */,
				17FB7823233464CA002C292E /* LaunchScreen.storyboard */,
				17FB7826233464CA002C292E /* Info.plist */,
			);
			path = HobbyTracker;
			sourceTree = "<group>";
		};
/* End PBXGroup section */

/* Begin PBXNativeTarget section */
		17FB7816233464C5002C292E /* HobbyTracker */ = {
			isa = PBXNativeTarget;
			buildConfigurationList = 17FB7829233464CA002C292E /* Build configuration list for PBXNativeTarget "HobbyTracker" */;
			buildPhases = (
				17FB7813233464C5002C292E /* Sources */,
				17FB7814233464C5002C292E /* Frameworks */,
				17FB7815233464C5002C292E /* Resources */,
			);
			buildRules = (
			);
			dependencies = (
			);
			name = HobbyTracker;
			productName = HobbyTracker;
			productReference = 17FB7817233464C5002C292E /* HobbyTracker.app */;
			productType = "com.apple.product-type.application";
		};
/* End PBXNativeTarget section */

/* Begin PBXProject section */
		17FB780F233464C5002C292E /* Project object */ = {
			isa = PBXProject;
			attributes = {
				LastSwiftUpdateCheck = 1030;
				LastUpgradeCheck = 1030;
				ORGANIZATIONNAME = "Christian Lorenzo";
				TargetAttributes = {
					17FB7816233464C5002C292E = {
						CreatedOnToolsVersion = 10.3;
					};
				};
			};
			buildConfigurationList = 17FB7812233464C5002C292E /* Build configuration list for PBXProject "HobbyTracker" */;
			compatibilityVersion = "Xcode 9.3";
			developmentRegion = en;
			hasScannedForEncodings = 0;
			knownRegions = (
				en,
				Base,
			);
			mainGroup = 17FB780E233464C5002C292E;
			productRefGroup = 17FB7818233464C5002C292E /* Products */;
			projectDirPath = "";
			projectRoot = "";
			targets = (
				17FB7816233464C5002C292E /* HobbyTracker */,
			);
		};
/* End PBXProject section */

/* Begin PBXResourcesBuildPhase section */
		17FB7815233464C5002C292E /* Resources */ = {
			isa = PBXResourcesBuildPhase;
			buildActionMask = 2147483647;
			files = (
				17FB7825233464CA002C292E /* LaunchScreen.storyboard in Resources */,
				17FB7822233464CA002C292E /* Assets.xcassets in Resources */,
				17FB7820233464C5002C292E /* Main.storyboard in Resources */,
			);
			runOnlyForDeploymentPostprocessing = 0;
		};
/* End PBXResourcesBuildPhase section */

/* Begin PBXSourcesBuildPhase section */
		17FB7813233464C5002C292E /* Sources */ = {
			isa = PBXSourcesBuildPhase;
			buildActionMask = 2147483647;
			files = (
				17000C83233C4F6D00605596 /* AddFriendViewController.swift in Sources */,
				17FB781D233464C5002C292E /* FriendsTableViewController.swift in Sources */,
				17000C87233C4FC800605596 /* FriendTableViewCell.swift in Sources */,
				17000C89233C4FE300605596 /* Friend.swift in Sources */,
				17000C85233C4F8800605596 /* FriendDetailViewController.swift in Sources */,
				17FB781B233464C5002C292E /* AppDelegate.swift in Sources */,
			);
			runOnlyForDeploymentPostprocessing = 0;
		};
/* End PBXSourcesBuildPhase section */

/* Begin PBXVariantGroup section */
		17FB781E233464C5002C292E /* Main.storyboard */ = {
			isa = PBXVariantGroup;
			children = (
				17FB781F233464C5002C292E /* Base */,
			);
			name = Main.storyboard;
			sourceTree = "<group>";
		};
		17FB7823233464CA002C292E /* LaunchScreen.storyboard */ = {
			isa = PBXVariantGroup;
			children = (
				17FB7824233464CA002C292E /* Base */,
			);
			name = LaunchScreen.storyboard;
			sourceTree = "<group>";
		};
/* End PBXVariantGroup section */

/* Begin XCBuildConfiguration section */
		17FB7827233464CA002C292E /* Debug */ = {
			isa = XCBuildConfiguration;
			buildSettings = {
				ALWAYS_SEARCH_USER_PATHS = NO;
				CLANG_ANALYZER_NONNULL = YES;
				CLANG_ANALYZER_NUMBER_OBJECT_CONVERSION = YES_AGGRESSIVE;
				CLANG_CXX_LANGUAGE_STANDARD = "gnu++14";
				CLANG_CXX_LIBRARY = "libc++";
				CLANG_ENABLE_MODULES = YES;
				CLANG_ENABLE_OBJC_ARC = YES;
				CLANG_ENABLE_OBJC_WEAK = YES;
				CLANG_WARN_BLOCK_CAPTURE_AUTORELEASING = YES;
				CLANG_WARN_BOOL_CONVERSION = YES;
				CLANG_WARN_COMMA = YES;
				CLANG_WARN_CONSTANT_CONVERSION = YES;
				CLANG_WARN_DEPRECATED_OBJC_IMPLEMENTATIONS = YES;
				CLANG_WARN_DIRECT_OBJC_ISA_USAGE = YES_ERROR;
				CLANG_WARN_DOCUMENTATION_COMMENTS = YES;
				CLANG_WARN_EMPTY_BODY = YES;
				CLANG_WARN_ENUM_CONVERSION = YES;
				CLANG_WARN_INFINITE_RECURSION = YES;
				CLANG_WARN_INT_CONVERSION = YES;
				CLANG_WARN_NON_LITERAL_NULL_CONVERSION = YES;
				CLANG_WARN_OBJC_IMPLICIT_RETAIN_SELF = YES;
				CLANG_WARN_OBJC_LITERAL_CONVERSION = YES;
				CLANG_WARN_OBJC_ROOT_CLASS = YES_ERROR;
				CLANG_WARN_RANGE_LOOP_ANALYSIS = YES;
				CLANG_WARN_STRICT_PROTOTYPES = YES;
				CLANG_WARN_SUSPICIOUS_MOVE = YES;
				CLANG_WARN_UNGUARDED_AVAILABILITY = YES_AGGRESSIVE;
				CLANG_WARN_UNREACHABLE_CODE = YES;
				CLANG_WARN__DUPLICATE_METHOD_MATCH = YES;
				CODE_SIGN_IDENTITY = "iPhone Developer";
				COPY_PHASE_STRIP = NO;
				DEBUG_INFORMATION_FORMAT = dwarf;
				ENABLE_STRICT_OBJC_MSGSEND = YES;
				ENABLE_TESTABILITY = YES;
				GCC_C_LANGUAGE_STANDARD = gnu11;
				GCC_DYNAMIC_NO_PIC = NO;
				GCC_NO_COMMON_BLOCKS = YES;
				GCC_OPTIMIZATION_LEVEL = 0;
				GCC_PREPROCESSOR_DEFINITIONS = (
					"DEBUG=1",
					"$(inherited)",
				);
				GCC_WARN_64_TO_32_BIT_CONVERSION = YES;
				GCC_WARN_ABOUT_RETURN_TYPE = YES_ERROR;
				GCC_WARN_UNDECLARED_SELECTOR = YES;
				GCC_WARN_UNINITIALIZED_AUTOS = YES_AGGRESSIVE;
				GCC_WARN_UNUSED_FUNCTION = YES;
				GCC_WARN_UNUSED_VARIABLE = YES;
				IPHONEOS_DEPLOYMENT_TARGET = 12.4;
				MTL_ENABLE_DEBUG_INFO = INCLUDE_SOURCE;
				MTL_FAST_MATH = YES;
				ONLY_ACTIVE_ARCH = YES;
				SDKROOT = iphoneos;
				SWIFT_ACTIVE_COMPILATION_CONDITIONS = DEBUG;
				SWIFT_OPTIMIZATION_LEVEL = "-Onone";
			};
			name = Debug;
		};
		17FB7828233464CA002C292E /* Release */ = {
			isa = XCBuildConfiguration;
			buildSettings = {
				ALWAYS_SEARCH_USER_PATHS = NO;
				CLANG_ANALYZER_NONNULL = YES;
				CLANG_ANALYZER_NUMBER_OBJECT_CONVERSION = YES_AGGRESSIVE;
				CLANG_CXX_LANGUAGE_STANDARD = "gnu++14";
				CLANG_CXX_LIBRARY = "libc++";
				CLANG_ENABLE_MODULES = YES;
				CLANG_ENABLE_OBJC_ARC = YES;
				CLANG_ENABLE_OBJC_WEAK = YES;
				CLANG_WARN_BLOCK_CAPTURE_AUTORELEASING = YES;
				CLANG_WARN_BOOL_CONVERSION = YES;
				CLANG_WARN_COMMA = YES;
				CLANG_WARN_CONSTANT_CONVERSION = YES;
				CLANG_WARN_DEPRECATED_OBJC_IMPLEMENTATIONS = YES;
				CLANG_WARN_DIRECT_OBJC_ISA_USAGE = YES_ERROR;
				CLANG_WARN_DOCUMENTATION_COMMENTS = YES;
				CLANG_WARN_EMPTY_BODY = YES;
				CLANG_WARN_ENUM_CONVERSION = YES;
				CLANG_WARN_INFINITE_RECURSION = YES;
				CLANG_WARN_INT_CONVERSION = YES;
				CLANG_WARN_NON_LITERAL_NULL_CONVERSION = YES;
				CLANG_WARN_OBJC_IMPLICIT_RETAIN_SELF = YES;
				CLANG_WARN_OBJC_LITERAL_CONVERSION = YES;
				CLANG_WARN_OBJC_ROOT_CLASS = YES_ERROR;
				CLANG_WARN_RANGE_LOOP_ANALYSIS = YES;
				CLANG_WARN_STRICT_PROTOTYPES = YES;
				CLANG_WARN_SUSPICIOUS_MOVE = YES;
				CLANG_WARN_UNGUARDED_AVAILABILITY = YES_AGGRESSIVE;
				CLANG_WARN_UNREACHABLE_CODE = YES;
				CLANG_WARN__DUPLICATE_METHOD_MATCH = YES;
				CODE_SIGN_IDENTITY = "iPhone Developer";
				COPY_PHASE_STRIP = NO;
				DEBUG_INFORMATION_FORMAT = "dwarf-with-dsym";
				ENABLE_NS_ASSERTIONS = NO;
				ENABLE_STRICT_OBJC_MSGSEND = YES;
				GCC_C_LANGUAGE_STANDARD = gnu11;
				GCC_NO_COMMON_BLOCKS = YES;
				GCC_WARN_64_TO_32_BIT_CONVERSION = YES;
				GCC_WARN_ABOUT_RETURN_TYPE = YES_ERROR;
				GCC_WARN_UNDECLARED_SELECTOR = YES;
				GCC_WARN_UNINITIALIZED_AUTOS = YES_AGGRESSIVE;
				GCC_WARN_UNUSED_FUNCTION = YES;
				GCC_WARN_UNUSED_VARIABLE = YES;
				IPHONEOS_DEPLOYMENT_TARGET = 12.4;
				MTL_ENABLE_DEBUG_INFO = NO;
				MTL_FAST_MATH = YES;
				SDKROOT = iphoneos;
				SWIFT_COMPILATION_MODE = wholemodule;
				SWIFT_OPTIMIZATION_LEVEL = "-O";
				VALIDATE_PRODUCT = YES;
			};
			name = Release;
		};
		17FB782A233464CA002C292E /* Debug */ = {
			isa = XCBuildConfiguration;
			buildSettings = {
				ASSETCATALOG_COMPILER_APPICON_NAME = AppIcon;
				CODE_SIGN_STYLE = Automatic;
				DEVELOPMENT_TEAM = 6UK9B9BTNM;
				INFOPLIST_FILE = HobbyTracker/Info.plist;
				LD_RUNPATH_SEARCH_PATHS = (
					"$(inherited)",
					"@executable_path/Frameworks",
				);
				PRODUCT_BUNDLE_IDENTIFIER = com.christianlorenzo.HobbyTracker;
				PRODUCT_NAME = "$(TARGET_NAME)";
				SWIFT_VERSION = 5.0;
				TARGETED_DEVICE_FAMILY = "1,2";
			};
			name = Debug;
		};
		17FB782B233464CA002C292E /* Release */ = {
			isa = XCBuildConfiguration;
			buildSettings = {
				ASSETCATALOG_COMPILER_APPICON_NAME = AppIcon;
				CODE_SIGN_STYLE = Automatic;
				DEVELOPMENT_TEAM = 6UK9B9BTNM;
				INFOPLIST_FILE = HobbyTracker/Info.plist;
				LD_RUNPATH_SEARCH_PATHS = (
					"$(inherited)",
					"@executable_path/Frameworks",
				);
				PRODUCT_BUNDLE_IDENTIFIER = com.christianlorenzo.HobbyTracker;
				PRODUCT_NAME = "$(TARGET_NAME)";
				SWIFT_VERSION = 5.0;
				TARGETED_DEVICE_FAMILY = "1,2";
			};
			name = Release;
		};
/* End XCBuildConfiguration section */

/* Begin XCConfigurationList section */
		17FB7812233464C5002C292E /* Build configuration list for PBXProject "HobbyTracker" */ = {
			isa = XCConfigurationList;
			buildConfigurations = (
				17FB7827233464CA002C292E /* Debug */,
				17FB7828233464CA002C292E /* Release */,
			);
			defaultConfigurationIsVisible = 0;
			defaultConfigurationName = Release;
		};
		17FB7829233464CA002C292E /* Build configuration list for PBXNativeTarget "HobbyTracker" */ = {
			isa = XCConfigurationList;
			buildConfigurations = (
				17FB782A233464CA002C292E /* Debug */,
				17FB782B233464CA002C292E /* Release */,
			);
			defaultConfigurationIsVisible = 0;
			defaultConfigurationName = Release;
		};
/* End XCConfigurationList section */
	};
	rootObject = 17FB780F233464C5002C292E /* Project object */;
}
